Microsoft Visual Studio Solution File, Format Version 12.00
# Visual Studio Version 17
VisualStudioVersion = 17.5.2.0
MinimumVisualStudioVersion = 10.0.40219.1
Project("{2150E333-8FDC-42A3-9474-1A3956D46DE8}") = "tests", "tests", "{0AB3BF05-4346-4AA6-1389-037BE0695223}"
EndProject
Project("{2150E333-8FDC-42A3-9474-1A3956D46DE8}") = "src", "src", "{827E0CD3-B72D-47B6-A68D-7590B98EB39B}"
EndProject
Project("{FAE04EC0-301F-11D3-BF4B-00C04F79EFBC}") = "Appka.Tests", "tests\Appka.Tests.csproj", "{834A4E5C-029A-894A-FEA0-A873EEDE14CC}"
EndProject
Project("{2150E333-8FDC-42A3-9474-1A3956D46DE8}") = "Api", "Api", "{81034408-37C8-1011-444E-4C15C2FADA8E}"
EndProject
Project("{FAE04EC0-301F-11D3-BF4B-00C04F79EFBC}") = "Appka.Api", "src\Api\Appka.Api.csproj", "{8B94CADF-4DB7-B6D9-9F1A-151D54501A8B}"
EndProject
Project("{2150E333-8FDC-42A3-9474-1A3956D46DE8}") = "Application", "Application", "{22BAF98C-8415-17C4-B26A-D537657BC863}"
EndProject
Project("{FAE04EC0-301F-11D3-BF4B-00C04F79EFBC}") = "Appka.Application", "src\Application\Appka.Application.csproj", "{5F4BD92F-7AD0-D90F-C2F0-F1558CAE206C}"
EndProject
Project("{2150E333-8FDC-42A3-9474-1A3956D46DE8}") = "Domain", "Domain", "{8B290487-4C16-E85E-E807-F579CBE9FC4D}"
EndProject
Project("{FAE04EC0-301F-11D3-BF4B-00C04F79EFBC}") = "Appka.Domain", "src\Domain\Appka.Domain.csproj", "{4CAE772E-FA76-E096-56A7-85CF8D932CDF}"
EndProject
Project("{2150E333-8FDC-42A3-9474-1A3956D46DE8}") = "Infrastructure", "Infrastructure", "{9048EB7F-3875-A59E-E36B-5BD4C6F2A282}"
EndProject
Project("{FAE04EC0-301F-11D3-BF4B-00C04F79EFBC}") = "Appka.Infrastructure", "src\Infrastructure\Appka.Infrastructure.csproj", "{ED2E26A1-E85F-5AB4-C60A-5570027695BE}"
EndProject
Global
	GlobalSection(SolutionConfigurationPlatforms) = preSolution
		Debug|Any CPU = Debug|Any CPU
		Release|Any CPU = Release|Any CPU
	EndGlobalSection
	GlobalSection(ProjectConfigurationPlatforms) = postSolution
		{834A4E5C-029A-894A-FEA0-A873EEDE14CC}.Debug|Any CPU.ActiveCfg = Debug|Any CPU
		{834A4E5C-029A-894A-FEA0-A873EEDE14CC}.Debug|Any CPU.Build.0 = Debug|Any CPU
		{834A4E5C-029A-894A-FEA0-A873EEDE14CC}.Release|Any CPU.ActiveCfg = Release|Any CPU
		{834A4E5C-029A-894A-FEA0-A873EEDE14CC}.Release|Any CPU.Build.0 = Release|Any CPU
		{8B94CADF-4DB7-B6D9-9F1A-151D54501A8B}.Debug|Any CPU.ActiveCfg = Debug|Any CPU
		{8B94CADF-4DB7-B6D9-9F1A-151D54501A8B}.Debug|Any CPU.Build.0 = Debug|Any CPU
		{8B94CADF-4DB7-B6D9-9F1A-151D54501A8B}.Release|Any CPU.ActiveCfg = Release|Any CPU
		{8B94CADF-4DB7-B6D9-9F1A-151D54501A8B}.Release|Any CPU.Build.0 = Release|Any CPU
		{5F4BD92F-7AD0-D90F-C2F0-F1558CAE206C}.Debug|Any CPU.ActiveCfg = Debug|Any CPU
		{5F4BD92F-7AD0-D90F-C2F0-F1558CAE206C}.Debug|Any CPU.Build.0 = Debug|Any CPU
		{5F4BD92F-7AD0-D90F-C2F0-F1558CAE206C}.Release|Any CPU.ActiveCfg = Release|Any CPU
		{5F4BD92F-7AD0-D90F-C2F0-F1558CAE206C}.Release|Any CPU.Build.0 = Release|Any CPU
		{4CAE772E-FA76-E096-56A7-85CF8D932CDF}.Debug|Any CPU.ActiveCfg = Debug|Any CPU
		{4CAE772E-FA76-E096-56A7-85CF8D932CDF}.Debug|Any CPU.Build.0 = Debug|Any CPU
		{4CAE772E-FA76-E096-56A7-85CF8D932CDF}.Release|Any CPU.ActiveCfg = Release|Any CPU
		{4CAE772E-FA76-E096-56A7-85CF8D932CDF}.Release|Any CPU.Build.0 = Release|Any CPU
		{ED2E26A1-E85F-5AB4-C60A-5570027695BE}.Debug|Any CPU.ActiveCfg = Debug|Any CPU
		{ED2E26A1-E85F-5AB4-C60A-5570027695BE}.Debug|Any CPU.Build.0 = Debug|Any CPU
		{ED2E26A1-E85F-5AB4-C60A-5570027695BE}.Release|Any CPU.ActiveCfg = Release|Any CPU
		{ED2E26A1-E85F-5AB4-C60A-5570027695BE}.Release|Any CPU.Build.0 = Release|Any CPU
	EndGlobalSection
	GlobalSection(SolutionProperties) = preSolution
		HideSolutionNode = FALSE
	EndGlobalSection
	GlobalSection(NestedProjects) = preSolution
		{834A4E5C-029A-894A-FEA0-A873EEDE14CC} = {0AB3BF05-4346-4AA6-1389-037BE0695223}
		{81034408-37C8-1011-444E-4C15C2FADA8E} = {827E0CD3-B72D-47B6-A68D-7590B98EB39B}
		{8B94CADF-4DB7-B6D9-9F1A-151D54501A8B} = {81034408-37C8-1011-444E-4C15C2FADA8E}
		{22BAF98C-8415-17C4-B26A-D537657BC863} = {827E0CD3-B72D-47B6-A68D-7590B98EB39B}
		{5F4BD92F-7AD0-D90F-C2F0-F1558CAE206C} = {22BAF98C-8415-17C4-B26A-D537657BC863}
		{8B290487-4C16-E85E-E807-F579CBE9FC4D} = {827E0CD3-B72D-47B6-A68D-7590B98EB39B}
		{4CAE772E-FA76-E096-56A7-85CF8D932CDF} = {8B290487-4C16-E85E-E807-F579CBE9FC4D}
		{9048EB7F-3875-A59E-E36B-5BD4C6F2A282} = {827E0CD3-B72D-47B6-A68D-7590B98EB39B}
		{ED2E26A1-E85F-5AB4-C60A-5570027695BE} = {9048EB7F-3875-A59E-E36B-5BD4C6F2A282}
	EndGlobalSection
	GlobalSection(ExtensibilityGlobals) = postSolution
		SolutionGuid = {E1047DA4-9730-423F-BF6A-679F9B0D52AD}
	EndGlobalSection
EndGlobal
